
Microsoft Visual Studio Solution File, Format Version 12.00
# Visual Studio Version 17
VisualStudioVersion = 17.4.33213.308
MinimumVisualStudioVersion = 10.0.40219.1
Project("{FAE04EC0-301F-11D3-BF4B-00C04F79EFBC}") = "SenthilTask", "SenthilTask.csproj", "{F80AA3C9-2A87-4FD8-8979-8F1528493668}"
EndProject
Global
	GlobalSection(SolutionConfigurationPlatforms) = preSolution
		Debug|Any CPU = Debug|Any CPU
		Release|Any CPU = Release|Any CPU
	EndGlobalSection
	GlobalSection(ProjectConfigurationPlatforms) = postSolution
		{F80AA3C9-2A87-4FD8-8979-8F1528493668}.Debug|Any CPU.ActiveCfg = Debug|Any CPU
		{F80AA3C9-2A87-4FD8-8979-8F1528493668}.Debug|Any CPU.Build.0 = Debug|Any CPU
		{F80AA3C9-2A87-4FD8-8979-8F1528493668}.Release|Any CPU.ActiveCfg = Release|Any CPU
		{F80AA3C9-2A87-4FD8-8979-8F1528493668}.Release|Any CPU.Build.0 = Release|Any CPU
	EndGlobalSection
	GlobalSection(SolutionProperties) = preSolution
		HideSolutionNode = FALSE
	EndGlobalSection
	GlobalSection(ExtensibilityGlobals) = postSolution
		SolutionGuid = {CAA26BDA-1C34-4CC4-9B7E-46EBC1699C17}
	EndGlobalSection
EndGlobal
